Microsoft Visual Studio Solution File, Format Version 12.00
# Visual Studio 2012
Project("{FAE04EC0-301F-11D3-BF4B-00C04F79EFBC}") = "WcfService", "WTFService\WcfService.csproj", "{607A9865-E717-478E-ABFD-D7A1663D821E}"
EndProject
Project("{FAE04EC0-301F-11D3-BF4B-00C04F79EFBC}") = "WcfConsole", "WtfConsole\WcfConsole.csproj", "{E796D3D4-6D14-4324-A818-5628A597B398}"
EndProject
Project("{FAE04EC0-301F-11D3-BF4B-00C04F79EFBC}") = "Contracts", "Contracts\Contracts.csproj", "{4366C34B-4C86-49BF-91B5-A8E1DE51FC8E}"
EndProject
Project("{FAE04EC0-301F-11D3-BF4B-00C04F79EFBC}") = "Sondage", "Sondage\Sondage.csproj", "{992D28E6-B59E-4BF0-873D-AAE8B17201CB}"
EndProject
Global
	GlobalSection(SolutionConfigurationPlatforms) = preSolution
		Debug|Any CPU = Debug|Any CPU
		Debug|Mixed Platforms = Debug|Mixed Platforms
		Debug|x86 = Debug|x86
		Release|Any CPU = Release|Any CPU
		Release|Mixed Platforms = Release|Mixed Platforms
		Release|x86 = Release|x86
	EndGlobalSection
	GlobalSection(ProjectConfigurationPlatforms) = postSolution
		{607A9865-E717-478E-ABFD-D7A1663D821E}.Debug|Any CPU.ActiveCfg = Debug|Any CPU
		{607A9865-E717-478E-ABFD-D7A1663D821E}.Debug|Any CPU.Build.0 = Debug|Any CPU
		{607A9865-E717-478E-ABFD-D7A1663D821E}.Debug|Mixed Platforms.ActiveCfg = Debug|Any CPU
		{607A9865-E717-478E-ABFD-D7A1663D821E}.Debug|Mixed Platforms.Build.0 = Debug|Any CPU
		{607A9865-E717-478E-ABFD-D7A1663D821E}.Debug|x86.ActiveCfg = Debug|Any CPU
		{607A9865-E717-478E-ABFD-D7A1663D821E}.Release|Any CPU.ActiveCfg = Release|Any CPU
		{607A9865-E717-478E-ABFD-D7A1663D821E}.Release|Any CPU.Build.0 = Release|Any CPU
		{607A9865-E717-478E-ABFD-D7A1663D821E}.Release|Mixed Platforms.ActiveCfg = Release|Any CPU
		{607A9865-E717-478E-ABFD-D7A1663D821E}.Release|Mixed Platforms.Build.0 = Release|Any CPU
		{607A9865-E717-478E-ABFD-D7A1663D821E}.Release|x86.ActiveCfg = Release|Any CPU
		{E796D3D4-6D14-4324-A818-5628A597B398}.Debug|Any CPU.ActiveCfg = Debug|x86
		{E796D3D4-6D14-4324-A818-5628A597B398}.Debug|Mixed Platforms.ActiveCfg = Debug|x86
		{E796D3D4-6D14-4324-A818-5628A597B398}.Debug|Mixed Platforms.Build.0 = Debug|x86
		{E796D3D4-6D14-4324-A818-5628A597B398}.Debug|x86.ActiveCfg = Debug|x86
		{E796D3D4-6D14-4324-A818-5628A597B398}.Debug|x86.Build.0 = Debug|x86
		{E796D3D4-6D14-4324-A818-5628A597B398}.Release|Any CPU.ActiveCfg = Release|x86
		{E796D3D4-6D14-4324-A818-5628A597B398}.Release|Mixed Platforms.ActiveCfg = Release|x86
		{E796D3D4-6D14-4324-A818-5628A597B398}.Release|Mixed Platforms.Build.0 = Release|x86
		{E796D3D4-6D14-4324-A818-5628A597B398}.Release|x86.ActiveCfg = Release|x86
		{E796D3D4-6D14-4324-A818-5628A597B398}.Release|x86.Build.0 = Release|x86
		{4366C34B-4C86-49BF-91B5-A8E1DE51FC8E}.Debug|Any CPU.ActiveCfg = Debug|Any CPU
		{4366C34B-4C86-49BF-91B5-A8E1DE51FC8E}.Debug|Any CPU.Build.0 = Debug|Any CPU
		{4366C34B-4C86-49BF-91B5-A8E1DE51FC8E}.Debug|Mixed Platforms.ActiveCfg = Debug|Any CPU
		{4366C34B-4C86-49BF-91B5-A8E1DE51FC8E}.Debug|Mixed Platforms.Build.0 = Debug|Any CPU
		{4366C34B-4C86-49BF-91B5-A8E1DE51FC8E}.Debug|x86.ActiveCfg = Debug|Any CPU
		{4366C34B-4C86-49BF-91B5-A8E1DE51FC8E}.Release|Any CPU.ActiveCfg = Release|Any CPU
		{4366C34B-4C86-49BF-91B5-A8E1DE51FC8E}.Release|Any CPU.Build.0 = Release|Any CPU
		{4366C34B-4C86-49BF-91B5-A8E1DE51FC8E}.Release|Mixed Platforms.ActiveCfg = Release|Any CPU
		{4366C34B-4C86-49BF-91B5-A8E1DE51FC8E}.Release|Mixed Platforms.Build.0 = Release|Any CPU
		{4366C34B-4C86-49BF-91B5-A8E1DE51FC8E}.Release|x86.ActiveCfg = Release|Any CPU
		{992D28E6-B59E-4BF0-873D-AAE8B17201CB}.Debug|Any CPU.ActiveCfg = Debug|Any CPU
		{992D28E6-B59E-4BF0-873D-AAE8B17201CB}.Debug|Any CPU.Build.0 = Debug|Any CPU
		{992D28E6-B59E-4BF0-873D-AAE8B17201CB}.Debug|Mixed Platforms.ActiveCfg = Debug|Any CPU
		{992D28E6-B59E-4BF0-873D-AAE8B17201CB}.Debug|Mixed Platforms.Build.0 = Debug|Any CPU
		{992D28E6-B59E-4BF0-873D-AAE8B17201CB}.Debug|x86.ActiveCfg = Debug|Any CPU
		{992D28E6-B59E-4BF0-873D-AAE8B17201CB}.Release|Any CPU.ActiveCfg = Release|Any CPU
		{992D28E6-B59E-4BF0-873D-AAE8B17201CB}.Release|Any CPU.Build.0 = Release|Any CPU
		{992D28E6-B59E-4BF0-873D-AAE8B17201CB}.Release|Mixed Platforms.ActiveCfg = Release|Any CPU
		{992D28E6-B59E-4BF0-873D-AAE8B17201CB}.Release|Mixed Platforms.Build.0 = Release|Any CPU
		{992D28E6-B59E-4BF0-873D-AAE8B17201CB}.Release|x86.ActiveCfg = Release|Any CPU
	EndGlobalSection
	GlobalSection(SolutionProperties) = preSolution
		HideSolutionNode = FALSE
	EndGlobalSection
EndGlobal
