
Microsoft Visual Studio Solution File, Format Version 12.00
# Visual Studio 2012
Project("{FAE04EC0-301F-11D3-BF4B-00C04F79EFBC}") = "Client", "Client\Client.csproj", "{BFCB7F3C-5F5B-450B-858D-12B149BB1F01}"
EndProject
Project("{FAE04EC0-301F-11D3-BF4B-00C04F79EFBC}") = "Contracts", "..\Contracts\Contracts.csproj", "{4366C34B-4C86-49BF-91B5-A8E1DE51FC8E}"
EndProject
Global
	GlobalSection(SolutionConfigurationPlatforms) = preSolution
		Debug|Any CPU = Debug|Any CPU
		Release|Any CPU = Release|Any CPU
	EndGlobalSection
	GlobalSection(ProjectConfigurationPlatforms) = postSolution
		{BFCB7F3C-5F5B-450B-858D-12B149BB1F01}.Debug|Any CPU.ActiveCfg = Debug|Any CPU
		{BFCB7F3C-5F5B-450B-858D-12B149BB1F01}.Debug|Any CPU.Build.0 = Debug|Any CPU
		{BFCB7F3C-5F5B-450B-858D-12B149BB1F01}.Release|Any CPU.ActiveCfg = Release|Any CPU
		{BFCB7F3C-5F5B-450B-858D-12B149BB1F01}.Release|Any CPU.Build.0 = Release|Any CPU
		{4366C34B-4C86-49BF-91B5-A8E1DE51FC8E}.Debug|Any CPU.ActiveCfg = Debug|Any CPU
		{4366C34B-4C86-49BF-91B5-A8E1DE51FC8E}.Debug|Any CPU.Build.0 = Debug|Any CPU
		{4366C34B-4C86-49BF-91B5-A8E1DE51FC8E}.Release|Any CPU.ActiveCfg = Release|Any CPU
		{4366C34B-4C86-49BF-91B5-A8E1DE51FC8E}.Release|Any CPU.Build.0 = Release|Any CPU
	EndGlobalSection
	GlobalSection(SolutionProperties) = preSolution
		HideSolutionNode = FALSE
	EndGlobalSection
	GlobalSection(Performance) = preSolution
		HasPerformanceSessions = true
	EndGlobalSection
EndGlobal
